
Microsoft Visual Studio Solution File, Format Version 12.00
# Visual Studio Version 16
VisualStudioVersion = 16.0.29230.47
MinimumVisualStudioVersion = 10.0.40219.1
Project("{8BC9CEB8-8B4A-11D0-8D11-00A0C91BC942}") = "Basic Exceptions", "Basic Exceptions\Basic Exceptions.vcxproj", "{1E329DBC-46FC-4986-B366-4D2641574866}"
EndProject
Project("{8BC9CEB8-8B4A-11D0-8D11-00A0C91BC942}") = "Standard Excepetions", "Standard Excepetions\Standard Excepetions.vcxproj", "{3925443E-C982-46D6-9120-17C94F0C2A6F}"
EndProject
Project("{8BC9CEB8-8B4A-11D0-8D11-00A0C91BC942}") = "Custom Exceptions", "Custom Exceptions\Custom Exceptions.vcxproj", "{C6A1D429-2A1C-4EC1-ABD5-389B539756A8}"
EndProject
Project("{8BC9CEB8-8B4A-11D0-8D11-00A0C91BC942}") = "Catching Subclass Exceptions", "Catching Subclass Exceptions\Catching Subclass Exceptions.vcxproj", "{B4CCB299-21BA-40FB-978C-2488AA566502}"
EndProject
Project("{8BC9CEB8-8B4A-11D0-8D11-00A0C91BC942}") = "Writing Text Files", "Writing Text Files\Writing Text Files.vcxproj", "{511ED981-7DF7-48FC-8347-DC65D44DBAEF}"
EndProject
Project("{8BC9CEB8-8B4A-11D0-8D11-00A0C91BC942}") = "Reading Text", "Reading Text\Reading Text.vcxproj", "{AD7B8DE0-1C69-4243-A224-DB8D30943F66}"
EndProject
Project("{8BC9CEB8-8B4A-11D0-8D11-00A0C91BC942}") = "Parsing Text in Files", "Parsing Text in Files\Parsing Text in Files.vcxproj", "{3B553E9E-6646-4023-B9EB-8768386DC456}"
EndProject
Project("{8BC9CEB8-8B4A-11D0-8D11-00A0C91BC942}") = "Binary File", "Binary File\Binary File.vcxproj", "{938D9B32-1EEE-4B75-AAA0-5EF858974F5F}"
EndProject
Project("{8BC9CEB8-8B4A-11D0-8D11-00A0C91BC942}") = "Vectors", "Vectors\Vectors.vcxproj", "{DFBA1758-F44E-4678-8D85-5377946F9D74}"
EndProject
Project("{8BC9CEB8-8B4A-11D0-8D11-00A0C91BC942}") = "Two Dimensional Vectors", "Two Dimensional Vectors\Two Dimensional Vectors.vcxproj", "{1E9EF60C-F7D3-4ABB-867E-FC5217DB30C6}"
EndProject
Project("{8BC9CEB8-8B4A-11D0-8D11-00A0C91BC942}") = "Lists", "Lists\Lists.vcxproj", "{04C5ED2F-4DA7-4AA0-A6E8-BCAFE133BD7C}"
EndProject
Project("{8BC9CEB8-8B4A-11D0-8D11-00A0C91BC942}") = "Maps", "Maps\Maps.vcxproj", "{1578C638-BD9C-48C1-81B1-D4C92FEAB595}"
EndProject
Project("{8BC9CEB8-8B4A-11D0-8D11-00A0C91BC942}") = "Multimap", "Multimap\Multimap.vcxproj", "{0D6418EC-6DE6-4CBF-9892-A0B06752006B}"
EndProject
Project("{8BC9CEB8-8B4A-11D0-8D11-00A0C91BC942}") = "Sets", "Sets\Sets.vcxproj", "{F3E84521-471A-4082-9F02-3B1881502EB5}"
EndProject
Project("{8BC9CEB8-8B4A-11D0-8D11-00A0C91BC942}") = "Stacks and Queues", "Stacks and Queues\Stacks and Queues.vcxproj", "{F6B08C34-029D-4BF7-9295-8AE315447247}"
EndProject
Project("{8BC9CEB8-8B4A-11D0-8D11-00A0C91BC942}") = "STL Complex Data Types", "STL Complex Data Types\STL Complex Data Types.vcxproj", "{2108F689-1656-4FB1-BA35-757C60766CB2}"
EndProject
Project("{8BC9CEB8-8B4A-11D0-8D11-00A0C91BC942}") = "Overloading", "Overloading\Overloading.vcxproj", "{5CA24C96-849F-4DD9-8D03-34EADC42FB4D}"
EndProject
Project("{8BC9CEB8-8B4A-11D0-8D11-00A0C91BC942}") = "Overloading the insertion operator", "Overloading the insertion operator\Overloading the insertion operator.vcxproj", "{301EA7F4-B1FF-4500-B8E9-E5E33484EB94}"
EndProject
Project("{8BC9CEB8-8B4A-11D0-8D11-00A0C91BC942}") = "A complex number class", "A complex number class\A complex number class.vcxproj", "{D291D93D-22F6-4530-9867-DFA9F09C51A7}"
EndProject
Project("{8BC9CEB8-8B4A-11D0-8D11-00A0C91BC942}") = "Template classes", "Template classes\Template classes.vcxproj", "{20F51496-C930-4EC6-A436-0AF6992B8376}"
EndProject
Project("{8BC9CEB8-8B4A-11D0-8D11-00A0C91BC942}") = "Template functions", "Template functions\Template functions.vcxproj", "{653BCEB6-F474-4AAF-9FB7-AB93D92CD498}"
EndProject
Project("{8BC9CEB8-8B4A-11D0-8D11-00A0C91BC942}") = "Template functions and type inference", "Template functions and type inference\Template functions and type inference.vcxproj", "{A050BFFB-947D-4AB9-BB6E-C91CA985C1B3}"
EndProject
Project("{8BC9CEB8-8B4A-11D0-8D11-00A0C91BC942}") = "Function Pointers", "Function Pointers\Function Pointers.vcxproj", "{632FA3DA-2D96-4B48-B86D-ABA35A42D0FB}"
EndProject
Project("{8BC9CEB8-8B4A-11D0-8D11-00A0C91BC942}") = "Using Function Pointers - An Example", "Using Function Pointers - An Example\Using Function Pointers - An Example.vcxproj", "{D441EA7D-5228-4188-BC90-3F99B83EB75B}"
EndProject
Project("{8BC9CEB8-8B4A-11D0-8D11-00A0C91BC942}") = "Object Slicing and Polymorphism", "Object Slicing and Polymorphism\Object Slicing and Polymorphism.vcxproj", "{C0480687-BF1F-4017-94E8-151D50172D4F}"
EndProject
Project("{8BC9CEB8-8B4A-11D0-8D11-00A0C91BC942}") = "Abstract Classes", "Abstract Classes\Abstract Classes.vcxproj", "{7603E653-45A6-4C0B-9467-891A232B1C8D}"
EndProject
Project("{8BC9CEB8-8B4A-11D0-8D11-00A0C91BC942}") = "Functors", "Functors\Functors.vcxproj", "{5888099C-DC7D-4EA5-B859-9C5826B87398}"
EndProject
Project("{8BC9CEB8-8B4A-11D0-8D11-00A0C91BC942}") = "Decltype", "Decltype\Decltype.vcxproj", "{F628E812-AD1F-493A-992A-8F4A4E4B97B2}"
EndProject
Project("{8BC9CEB8-8B4A-11D0-8D11-00A0C91BC942}") = "Auto Keyword", "Auto Keyword\Auto Keyword.vcxproj", "{77446E64-EB81-4C15-980A-944992871374}"
EndProject
Project("{8BC9CEB8-8B4A-11D0-8D11-00A0C91BC942}") = "Enhanced for Loop", "Enhanced for Loop\Enhanced for Loop.vcxproj", "{B82344B6-5199-4FD5-BF3B-F28E086FD9CD}"
EndProject
Project("{8BC9CEB8-8B4A-11D0-8D11-00A0C91BC942}") = "Nested Template Classes", "Nested Template Classes\Nested Template Classes.vcxproj", "{1C1723F9-B7B6-4319-9B8C-DC6A072C5330}"
EndProject
Project("{8BC9CEB8-8B4A-11D0-8D11-00A0C91BC942}") = "Initialization in C++11", "Initialization in C++11\Initialization in C++11.vcxproj", "{042EF9AF-868E-4C42-9FA7-273B4C3E186B}"
EndProject
Project("{8BC9CEB8-8B4A-11D0-8D11-00A0C91BC942}") = "Initializer Lists", "Initializer Lists\Initializer Lists.vcxproj", "{628D7E03-0B47-490F-98CF-9D3FC6A688EB}"
EndProject
Project("{8BC9CEB8-8B4A-11D0-8D11-00A0C91BC942}") = "Object Initialization", "Object Initialization\Object Initialization.vcxproj", "{A856F812-42FB-49C1-9D64-22E95F749A8A}"
EndProject
Project("{8BC9CEB8-8B4A-11D0-8D11-00A0C91BC942}") = "Introducing Lambda Expressions", "Introducing Lambda Expressions\Introducing Lambda Expressions.vcxproj", "{C6C8E43A-2118-471B-B2DA-6389AAD7BB18}"
EndProject
Global
	GlobalSection(SolutionConfigurationPlatforms) = preSolution
		Debug|x64 = Debug|x64
		Debug|x86 = Debug|x86
		Release|x64 = Release|x64
		Release|x86 = Release|x86
	EndGlobalSection
	GlobalSection(ProjectConfigurationPlatforms) = postSolution
		{1E329DBC-46FC-4986-B366-4D2641574866}.Debug|x64.ActiveCfg = Debug|x64
		{1E329DBC-46FC-4986-B366-4D2641574866}.Debug|x64.Build.0 = Debug|x64
		{1E329DBC-46FC-4986-B366-4D2641574866}.Debug|x86.ActiveCfg = Debug|Win32
		{1E329DBC-46FC-4986-B366-4D2641574866}.Debug|x86.Build.0 = Debug|Win32
		{1E329DBC-46FC-4986-B366-4D2641574866}.Release|x64.ActiveCfg = Release|x64
		{1E329DBC-46FC-4986-B366-4D2641574866}.Release|x64.Build.0 = Release|x64
		{1E329DBC-46FC-4986-B366-4D2641574866}.Release|x86.ActiveCfg = Release|Win32
		{1E329DBC-46FC-4986-B366-4D2641574866}.Release|x86.Build.0 = Release|Win32
		{3925443E-C982-46D6-9120-17C94F0C2A6F}.Debug|x64.ActiveCfg = Debug|x64
		{3925443E-C982-46D6-9120-17C94F0C2A6F}.Debug|x64.Build.0 = Debug|x64
		{3925443E-C982-46D6-9120-17C94F0C2A6F}.Debug|x86.ActiveCfg = Debug|Win32
		{3925443E-C982-46D6-9120-17C94F0C2A6F}.Debug|x86.Build.0 = Debug|Win32
		{3925443E-C982-46D6-9120-17C94F0C2A6F}.Release|x64.ActiveCfg = Release|x64
		{3925443E-C982-46D6-9120-17C94F0C2A6F}.Release|x64.Build.0 = Release|x64
		{3925443E-C982-46D6-9120-17C94F0C2A6F}.Release|x86.ActiveCfg = Release|Win32
		{3925443E-C982-46D6-9120-17C94F0C2A6F}.Release|x86.Build.0 = Release|Win32
		{C6A1D429-2A1C-4EC1-ABD5-389B539756A8}.Debug|x64.ActiveCfg = Debug|x64
		{C6A1D429-2A1C-4EC1-ABD5-389B539756A8}.Debug|x64.Build.0 = Debug|x64
		{C6A1D429-2A1C-4EC1-ABD5-389B539756A8}.Debug|x86.ActiveCfg = Debug|Win32
		{C6A1D429-2A1C-4EC1-ABD5-389B539756A8}.Debug|x86.Build.0 = Debug|Win32
		{C6A1D429-2A1C-4EC1-ABD5-389B539756A8}.Release|x64.ActiveCfg = Release|x64
		{C6A1D429-2A1C-4EC1-ABD5-389B539756A8}.Release|x64.Build.0 = Release|x64
		{C6A1D429-2A1C-4EC1-ABD5-389B539756A8}.Release|x86.ActiveCfg = Release|Win32
		{C6A1D429-2A1C-4EC1-ABD5-389B539756A8}.Release|x86.Build.0 = Release|Win32
		{B4CCB299-21BA-40FB-978C-2488AA566502}.Debug|x64.ActiveCfg = Debug|x64
		{B4CCB299-21BA-40FB-978C-2488AA566502}.Debug|x64.Build.0 = Debug|x64
		{B4CCB299-21BA-40FB-978C-2488AA566502}.Debug|x86.ActiveCfg = Debug|Win32
		{B4CCB299-21BA-40FB-978C-2488AA566502}.Debug|x86.Build.0 = Debug|Win32
		{B4CCB299-21BA-40FB-978C-2488AA566502}.Release|x64.ActiveCfg = Release|x64
		{B4CCB299-21BA-40FB-978C-2488AA566502}.Release|x64.Build.0 = Release|x64
		{B4CCB299-21BA-40FB-978C-2488AA566502}.Release|x86.ActiveCfg = Release|Win32
		{B4CCB299-21BA-40FB-978C-2488AA566502}.Release|x86.Build.0 = Release|Win32
		{511ED981-7DF7-48FC-8347-DC65D44DBAEF}.Debug|x64.ActiveCfg = Debug|x64
		{511ED981-7DF7-48FC-8347-DC65D44DBAEF}.Debug|x64.Build.0 = Debug|x64
		{511ED981-7DF7-48FC-8347-DC65D44DBAEF}.Debug|x86.ActiveCfg = Debug|Win32
		{511ED981-7DF7-48FC-8347-DC65D44DBAEF}.Debug|x86.Build.0 = Debug|Win32
		{511ED981-7DF7-48FC-8347-DC65D44DBAEF}.Release|x64.ActiveCfg = Release|x64
		{511ED981-7DF7-48FC-8347-DC65D44DBAEF}.Release|x64.Build.0 = Release|x64
		{511ED981-7DF7-48FC-8347-DC65D44DBAEF}.Release|x86.ActiveCfg = Release|Win32
		{511ED981-7DF7-48FC-8347-DC65D44DBAEF}.Release|x86.Build.0 = Release|Win32
		{AD7B8DE0-1C69-4243-A224-DB8D30943F66}.Debug|x64.ActiveCfg = Debug|x64
		{AD7B8DE0-1C69-4243-A224-DB8D30943F66}.Debug|x64.Build.0 = Debug|x64
		{AD7B8DE0-1C69-4243-A224-DB8D30943F66}.Debug|x86.ActiveCfg = Debug|Win32
		{AD7B8DE0-1C69-4243-A224-DB8D30943F66}.Debug|x86.Build.0 = Debug|Win32
		{AD7B8DE0-1C69-4243-A224-DB8D30943F66}.Release|x64.ActiveCfg = Release|x64
		{AD7B8DE0-1C69-4243-A224-DB8D30943F66}.Release|x64.Build.0 = Release|x64
		{AD7B8DE0-1C69-4243-A224-DB8D30943F66}.Release|x86.ActiveCfg = Release|Win32
		{AD7B8DE0-1C69-4243-A224-DB8D30943F66}.Release|x86.Build.0 = Release|Win32
		{3B553E9E-6646-4023-B9EB-8768386DC456}.Debug|x64.ActiveCfg = Debug|x64
		{3B553E9E-6646-4023-B9EB-8768386DC456}.Debug|x64.Build.0 = Debug|x64
		{3B553E9E-6646-4023-B9EB-8768386DC456}.Debug|x86.ActiveCfg = Debug|Win32
		{3B553E9E-6646-4023-B9EB-8768386DC456}.Debug|x86.Build.0 = Debug|Win32
		{3B553E9E-6646-4023-B9EB-8768386DC456}.Release|x64.ActiveCfg = Release|x64
		{3B553E9E-6646-4023-B9EB-8768386DC456}.Release|x64.Build.0 = Release|x64
		{3B553E9E-6646-4023-B9EB-8768386DC456}.Release|x86.ActiveCfg = Release|Win32
		{3B553E9E-6646-4023-B9EB-8768386DC456}.Release|x86.Build.0 = Release|Win32
		{938D9B32-1EEE-4B75-AAA0-5EF858974F5F}.Debug|x64.ActiveCfg = Debug|x64
		{938D9B32-1EEE-4B75-AAA0-5EF858974F5F}.Debug|x64.Build.0 = Debug|x64
		{938D9B32-1EEE-4B75-AAA0-5EF858974F5F}.Debug|x86.ActiveCfg = Debug|Win32
		{938D9B32-1EEE-4B75-AAA0-5EF858974F5F}.Debug|x86.Build.0 = Debug|Win32
		{938D9B32-1EEE-4B75-AAA0-5EF858974F5F}.Release|x64.ActiveCfg = Release|x64
		{938D9B32-1EEE-4B75-AAA0-5EF858974F5F}.Release|x64.Build.0 = Release|x64
		{938D9B32-1EEE-4B75-AAA0-5EF858974F5F}.Release|x86.ActiveCfg = Release|Win32
		{938D9B32-1EEE-4B75-AAA0-5EF858974F5F}.Release|x86.Build.0 = Release|Win32
		{DFBA1758-F44E-4678-8D85-5377946F9D74}.Debug|x64.ActiveCfg = Debug|x64
		{DFBA1758-F44E-4678-8D85-5377946F9D74}.Debug|x64.Build.0 = Debug|x64
		{DFBA1758-F44E-4678-8D85-5377946F9D74}.Debug|x86.ActiveCfg = Debug|Win32
		{DFBA1758-F44E-4678-8D85-5377946F9D74}.Debug|x86.Build.0 = Debug|Win32
		{DFBA1758-F44E-4678-8D85-5377946F9D74}.Release|x64.ActiveCfg = Release|x64
		{DFBA1758-F44E-4678-8D85-5377946F9D74}.Release|x64.Build.0 = Release|x64
		{DFBA1758-F44E-4678-8D85-5377946F9D74}.Release|x86.ActiveCfg = Release|Win32
		{DFBA1758-F44E-4678-8D85-5377946F9D74}.Release|x86.Build.0 = Release|Win32
		{1E9EF60C-F7D3-4ABB-867E-FC5217DB30C6}.Debug|x64.ActiveCfg = Debug|x64
		{1E9EF60C-F7D3-4ABB-867E-FC5217DB30C6}.Debug|x64.Build.0 = Debug|x64
		{1E9EF60C-F7D3-4ABB-867E-FC5217DB30C6}.Debug|x86.ActiveCfg = Debug|Win32
		{1E9EF60C-F7D3-4ABB-867E-FC5217DB30C6}.Debug|x86.Build.0 = Debug|Win32
		{1E9EF60C-F7D3-4ABB-867E-FC5217DB30C6}.Release|x64.ActiveCfg = Release|x64
		{1E9EF60C-F7D3-4ABB-867E-FC5217DB30C6}.Release|x64.Build.0 = Release|x64
		{1E9EF60C-F7D3-4ABB-867E-FC5217DB30C6}.Release|x86.ActiveCfg = Release|Win32
		{1E9EF60C-F7D3-4ABB-867E-FC5217DB30C6}.Release|x86.Build.0 = Release|Win32
		{04C5ED2F-4DA7-4AA0-A6E8-BCAFE133BD7C}.Debug|x64.ActiveCfg = Debug|x64
		{04C5ED2F-4DA7-4AA0-A6E8-BCAFE133BD7C}.Debug|x64.Build.0 = Debug|x64
		{04C5ED2F-4DA7-4AA0-A6E8-BCAFE133BD7C}.Debug|x86.ActiveCfg = Debug|Win32
		{04C5ED2F-4DA7-4AA0-A6E8-BCAFE133BD7C}.Debug|x86.Build.0 = Debug|Win32
		{04C5ED2F-4DA7-4AA0-A6E8-BCAFE133BD7C}.Release|x64.ActiveCfg = Release|x64
		{04C5ED2F-4DA7-4AA0-A6E8-BCAFE133BD7C}.Release|x64.Build.0 = Release|x64
		{04C5ED2F-4DA7-4AA0-A6E8-BCAFE133BD7C}.Release|x86.ActiveCfg = Release|Win32
		{04C5ED2F-4DA7-4AA0-A6E8-BCAFE133BD7C}.Release|x86.Build.0 = Release|Win32
		{1578C638-BD9C-48C1-81B1-D4C92FEAB595}.Debug|x64.ActiveCfg = Debug|x64
		{1578C638-BD9C-48C1-81B1-D4C92FEAB595}.Debug|x64.Build.0 = Debug|x64
		{1578C638-BD9C-48C1-81B1-D4C92FEAB595}.Debug|x86.ActiveCfg = Debug|Win32
		{1578C638-BD9C-48C1-81B1-D4C92FEAB595}.Debug|x86.Build.0 = Debug|Win32
		{1578C638-BD9C-48C1-81B1-D4C92FEAB595}.Release|x64.ActiveCfg = Release|x64
		{1578C638-BD9C-48C1-81B1-D4C92FEAB595}.Release|x64.Build.0 = Release|x64
		{1578C638-BD9C-48C1-81B1-D4C92FEAB595}.Release|x86.ActiveCfg = Release|Win32
		{1578C638-BD9C-48C1-81B1-D4C92FEAB595}.Release|x86.Build.0 = Release|Win32
		{0D6418EC-6DE6-4CBF-9892-A0B06752006B}.Debug|x64.ActiveCfg = Debug|x64
		{0D6418EC-6DE6-4CBF-9892-A0B06752006B}.Debug|x64.Build.0 = Debug|x64
		{0D6418EC-6DE6-4CBF-9892-A0B06752006B}.Debug|x86.ActiveCfg = Debug|Win32
		{0D6418EC-6DE6-4CBF-9892-A0B06752006B}.Debug|x86.Build.0 = Debug|Win32
		{0D6418EC-6DE6-4CBF-9892-A0B06752006B}.Release|x64.ActiveCfg = Release|x64
		{0D6418EC-6DE6-4CBF-9892-A0B06752006B}.Release|x64.Build.0 = Release|x64
		{0D6418EC-6DE6-4CBF-9892-A0B06752006B}.Release|x86.ActiveCfg = Release|Win32
		{0D6418EC-6DE6-4CBF-9892-A0B06752006B}.Release|x86.Build.0 = Release|Win32
		{F3E84521-471A-4082-9F02-3B1881502EB5}.Debug|x64.ActiveCfg = Debug|x64
		{F3E84521-471A-4082-9F02-3B1881502EB5}.Debug|x64.Build.0 = Debug|x64
		{F3E84521-471A-4082-9F02-3B1881502EB5}.Debug|x86.ActiveCfg = Debug|Win32
		{F3E84521-471A-4082-9F02-3B1881502EB5}.Debug|x86.Build.0 = Debug|Win32
		{F3E84521-471A-4082-9F02-3B1881502EB5}.Release|x64.ActiveCfg = Release|x64
		{F3E84521-471A-4082-9F02-3B1881502EB5}.Release|x64.Build.0 = Release|x64
		{F3E84521-471A-4082-9F02-3B1881502EB5}.Release|x86.ActiveCfg = Release|Win32
		{F3E84521-471A-4082-9F02-3B1881502EB5}.Release|x86.Build.0 = Release|Win32
		{F6B08C34-029D-4BF7-9295-8AE315447247}.Debug|x64.ActiveCfg = Debug|x64
		{F6B08C34-029D-4BF7-9295-8AE315447247}.Debug|x64.Build.0 = Debug|x64
		{F6B08C34-029D-4BF7-9295-8AE315447247}.Debug|x86.ActiveCfg = Debug|Win32
		{F6B08C34-029D-4BF7-9295-8AE315447247}.Debug|x86.Build.0 = Debug|Win32
		{F6B08C34-029D-4BF7-9295-8AE315447247}.Release|x64.ActiveCfg = Release|x64
		{F6B08C34-029D-4BF7-9295-8AE315447247}.Release|x64.Build.0 = Release|x64
		{F6B08C34-029D-4BF7-9295-8AE315447247}.Release|x86.ActiveCfg = Release|Win32
		{F6B08C34-029D-4BF7-9295-8AE315447247}.Release|x86.Build.0 = Release|Win32
		{2108F689-1656-4FB1-BA35-757C60766CB2}.Debug|x64.ActiveCfg = Debug|x64
		{2108F689-1656-4FB1-BA35-757C60766CB2}.Debug|x64.Build.0 = Debug|x64
		{2108F689-1656-4FB1-BA35-757C60766CB2}.Debug|x86.ActiveCfg = Debug|Win32
		{2108F689-1656-4FB1-BA35-757C60766CB2}.Debug|x86.Build.0 = Debug|Win32
		{2108F689-1656-4FB1-BA35-757C60766CB2}.Release|x64.ActiveCfg = Release|x64
		{2108F689-1656-4FB1-BA35-757C60766CB2}.Release|x64.Build.0 = Release|x64
		{2108F689-1656-4FB1-BA35-757C60766CB2}.Release|x86.ActiveCfg = Release|Win32
		{2108F689-1656-4FB1-BA35-757C60766CB2}.Release|x86.Build.0 = Release|Win32
		{5CA24C96-849F-4DD9-8D03-34EADC42FB4D}.Debug|x64.ActiveCfg = Debug|x64
		{5CA24C96-849F-4DD9-8D03-34EADC42FB4D}.Debug|x64.Build.0 = Debug|x64
		{5CA24C96-849F-4DD9-8D03-34EADC42FB4D}.Debug|x86.ActiveCfg = Debug|Win32
		{5CA24C96-849F-4DD9-8D03-34EADC42FB4D}.Debug|x86.Build.0 = Debug|Win32
		{5CA24C96-849F-4DD9-8D03-34EADC42FB4D}.Release|x64.ActiveCfg = Release|x64
		{5CA24C96-849F-4DD9-8D03-34EADC42FB4D}.Release|x64.Build.0 = Release|x64
		{5CA24C96-849F-4DD9-8D03-34EADC42FB4D}.Release|x86.ActiveCfg = Release|Win32
		{5CA24C96-849F-4DD9-8D03-34EADC42FB4D}.Release|x86.Build.0 = Release|Win32
		{301EA7F4-B1FF-4500-B8E9-E5E33484EB94}.Debug|x64.ActiveCfg = Debug|x64
		{301EA7F4-B1FF-4500-B8E9-E5E33484EB94}.Debug|x64.Build.0 = Debug|x64
		{301EA7F4-B1FF-4500-B8E9-E5E33484EB94}.Debug|x86.ActiveCfg = Debug|Win32
		{301EA7F4-B1FF-4500-B8E9-E5E33484EB94}.Debug|x86.Build.0 = Debug|Win32
		{301EA7F4-B1FF-4500-B8E9-E5E33484EB94}.Release|x64.ActiveCfg = Release|x64
		{301EA7F4-B1FF-4500-B8E9-E5E33484EB94}.Release|x64.Build.0 = Release|x64
		{301EA7F4-B1FF-4500-B8E9-E5E33484EB94}.Release|x86.ActiveCfg = Release|Win32
		{301EA7F4-B1FF-4500-B8E9-E5E33484EB94}.Release|x86.Build.0 = Release|Win32
		{D291D93D-22F6-4530-9867-DFA9F09C51A7}.Debug|x64.ActiveCfg = Debug|x64
		{D291D93D-22F6-4530-9867-DFA9F09C51A7}.Debug|x64.Build.0 = Debug|x64
		{D291D93D-22F6-4530-9867-DFA9F09C51A7}.Debug|x86.ActiveCfg = Debug|Win32
		{D291D93D-22F6-4530-9867-DFA9F09C51A7}.Debug|x86.Build.0 = Debug|Win32
		{D291D93D-22F6-4530-9867-DFA9F09C51A7}.Release|x64.ActiveCfg = Release|x64
		{D291D93D-22F6-4530-9867-DFA9F09C51A7}.Release|x64.Build.0 = Release|x64
		{D291D93D-22F6-4530-9867-DFA9F09C51A7}.Release|x86.ActiveCfg = Release|Win32
		{D291D93D-22F6-4530-9867-DFA9F09C51A7}.Release|x86.Build.0 = Release|Win32
		{20F51496-C930-4EC6-A436-0AF6992B8376}.Debug|x64.ActiveCfg = Debug|x64
		{20F51496-C930-4EC6-A436-0AF6992B8376}.Debug|x64.Build.0 = Debug|x64
		{20F51496-C930-4EC6-A436-0AF6992B8376}.Debug|x86.ActiveCfg = Debug|Win32
		{20F51496-C930-4EC6-A436-0AF6992B8376}.Debug|x86.Build.0 = Debug|Win32
		{20F51496-C930-4EC6-A436-0AF6992B8376}.Release|x64.ActiveCfg = Release|x64
		{20F51496-C930-4EC6-A436-0AF6992B8376}.Release|x64.Build.0 = Release|x64
		{20F51496-C930-4EC6-A436-0AF6992B8376}.Release|x86.ActiveCfg = Release|Win32
		{20F51496-C930-4EC6-A436-0AF6992B8376}.Release|x86.Build.0 = Release|Win32
		{653BCEB6-F474-4AAF-9FB7-AB93D92CD498}.Debug|x64.ActiveCfg = Debug|x64
		{653BCEB6-F474-4AAF-9FB7-AB93D92CD498}.Debug|x64.Build.0 = Debug|x64
		{653BCEB6-F474-4AAF-9FB7-AB93D92CD498}.Debug|x86.ActiveCfg = Debug|Win32
		{653BCEB6-F474-4AAF-9FB7-AB93D92CD498}.Debug|x86.Build.0 = Debug|Win32
		{653BCEB6-F474-4AAF-9FB7-AB93D92CD498}.Release|x64.ActiveCfg = Release|x64
		{653BCEB6-F474-4AAF-9FB7-AB93D92CD498}.Release|x64.Build.0 = Release|x64
		{653BCEB6-F474-4AAF-9FB7-AB93D92CD498}.Release|x86.ActiveCfg = Release|Win32
		{653BCEB6-F474-4AAF-9FB7-AB93D92CD498}.Release|x86.Build.0 = Release|Win32
		{A050BFFB-947D-4AB9-BB6E-C91CA985C1B3}.Debug|x64.ActiveCfg = Debug|x64
		{A050BFFB-947D-4AB9-BB6E-C91CA985C1B3}.Debug|x64.Build.0 = Debug|x64
		{A050BFFB-947D-4AB9-BB6E-C91CA985C1B3}.Debug|x86.ActiveCfg = Debug|Win32
		{A050BFFB-947D-4AB9-BB6E-C91CA985C1B3}.Debug|x86.Build.0 = Debug|Win32
		{A050BFFB-947D-4AB9-BB6E-C91CA985C1B3}.Release|x64.ActiveCfg = Release|x64
		{A050BFFB-947D-4AB9-BB6E-C91CA985C1B3}.Release|x64.Build.0 = Release|x64
		{A050BFFB-947D-4AB9-BB6E-C91CA985C1B3}.Release|x86.ActiveCfg = Release|Win32
		{A050BFFB-947D-4AB9-BB6E-C91CA985C1B3}.Release|x86.Build.0 = Release|Win32
		{632FA3DA-2D96-4B48-B86D-ABA35A42D0FB}.Debug|x64.ActiveCfg = Debug|x64
		{632FA3DA-2D96-4B48-B86D-ABA35A42D0FB}.Debug|x64.Build.0 = Debug|x64
		{632FA3DA-2D96-4B48-B86D-ABA35A42D0FB}.Debug|x86.ActiveCfg = Debug|Win32
		{632FA3DA-2D96-4B48-B86D-ABA35A42D0FB}.Debug|x86.Build.0 = Debug|Win32
		{632FA3DA-2D96-4B48-B86D-ABA35A42D0FB}.Release|x64.ActiveCfg = Release|x64
		{632FA3DA-2D96-4B48-B86D-ABA35A42D0FB}.Release|x64.Build.0 = Release|x64
		{632FA3DA-2D96-4B48-B86D-ABA35A42D0FB}.Release|x86.ActiveCfg = Release|Win32
		{632FA3DA-2D96-4B48-B86D-ABA35A42D0FB}.Release|x86.Build.0 = Release|Win32
		{D441EA7D-5228-4188-BC90-3F99B83EB75B}.Debug|x64.ActiveCfg = Debug|x64
		{D441EA7D-5228-4188-BC90-3F99B83EB75B}.Debug|x64.Build.0 = Debug|x64
		{D441EA7D-5228-4188-BC90-3F99B83EB75B}.Debug|x86.ActiveCfg = Debug|Win32
		{D441EA7D-5228-4188-BC90-3F99B83EB75B}.Debug|x86.Build.0 = Debug|Win32
		{D441EA7D-5228-4188-BC90-3F99B83EB75B}.Release|x64.ActiveCfg = Release|x64
		{D441EA7D-5228-4188-BC90-3F99B83EB75B}.Release|x64.Build.0 = Release|x64
		{D441EA7D-5228-4188-BC90-3F99B83EB75B}.Release|x86.ActiveCfg = Release|Win32
		{D441EA7D-5228-4188-BC90-3F99B83EB75B}.Release|x86.Build.0 = Release|Win32
		{C0480687-BF1F-4017-94E8-151D50172D4F}.Debug|x64.ActiveCfg = Debug|x64
		{C0480687-BF1F-4017-94E8-151D50172D4F}.Debug|x64.Build.0 = Debug|x64
		{C0480687-BF1F-4017-94E8-151D50172D4F}.Debug|x86.ActiveCfg = Debug|Win32
		{C0480687-BF1F-4017-94E8-151D50172D4F}.Debug|x86.Build.0 = Debug|Win32
		{C0480687-BF1F-4017-94E8-151D50172D4F}.Release|x64.ActiveCfg = Release|x64
		{C0480687-BF1F-4017-94E8-151D50172D4F}.Release|x64.Build.0 = Release|x64
		{C0480687-BF1F-4017-94E8-151D50172D4F}.Release|x86.ActiveCfg = Release|Win32
		{C0480687-BF1F-4017-94E8-151D50172D4F}.Release|x86.Build.0 = Release|Win32
		{7603E653-45A6-4C0B-9467-891A232B1C8D}.Debug|x64.ActiveCfg = Debug|x64
		{7603E653-45A6-4C0B-9467-891A232B1C8D}.Debug|x64.Build.0 = Debug|x64
		{7603E653-45A6-4C0B-9467-891A232B1C8D}.Debug|x86.ActiveCfg = Debug|Win32
		{7603E653-45A6-4C0B-9467-891A232B1C8D}.Debug|x86.Build.0 = Debug|Win32
		{7603E653-45A6-4C0B-9467-891A232B1C8D}.Release|x64.ActiveCfg = Release|x64
		{7603E653-45A6-4C0B-9467-891A232B1C8D}.Release|x64.Build.0 = Release|x64
		{7603E653-45A6-4C0B-9467-891A232B1C8D}.Release|x86.ActiveCfg = Release|Win32
		{7603E653-45A6-4C0B-9467-891A232B1C8D}.Release|x86.Build.0 = Release|Win32
		{5888099C-DC7D-4EA5-B859-9C5826B87398}.Debug|x64.ActiveCfg = Debug|x64
		{5888099C-DC7D-4EA5-B859-9C5826B87398}.Debug|x64.Build.0 = Debug|x64
		{5888099C-DC7D-4EA5-B859-9C5826B87398}.Debug|x86.ActiveCfg = Debug|Win32
		{5888099C-DC7D-4EA5-B859-9C5826B87398}.Debug|x86.Build.0 = Debug|Win32
		{5888099C-DC7D-4EA5-B859-9C5826B87398}.Release|x64.ActiveCfg = Release|x64
		{5888099C-DC7D-4EA5-B859-9C5826B87398}.Release|x64.Build.0 = Release|x64
		{5888099C-DC7D-4EA5-B859-9C5826B87398}.Release|x86.ActiveCfg = Release|Win32
		{5888099C-DC7D-4EA5-B859-9C5826B87398}.Release|x86.Build.0 = Release|Win32
		{F628E812-AD1F-493A-992A-8F4A4E4B97B2}.Debug|x64.ActiveCfg = Debug|x64
		{F628E812-AD1F-493A-992A-8F4A4E4B97B2}.Debug|x64.Build.0 = Debug|x64
		{F628E812-AD1F-493A-992A-8F4A4E4B97B2}.Debug|x86.ActiveCfg = Debug|Win32
		{F628E812-AD1F-493A-992A-8F4A4E4B97B2}.Debug|x86.Build.0 = Debug|Win32
		{F628E812-AD1F-493A-992A-8F4A4E4B97B2}.Release|x64.ActiveCfg = Release|x64
		{F628E812-AD1F-493A-992A-8F4A4E4B97B2}.Release|x64.Build.0 = Release|x64
		{F628E812-AD1F-493A-992A-8F4A4E4B97B2}.Release|x86.ActiveCfg = Release|Win32
		{F628E812-AD1F-493A-992A-8F4A4E4B97B2}.Release|x86.Build.0 = Release|Win32
		{77446E64-EB81-4C15-980A-944992871374}.Debug|x64.ActiveCfg = Debug|x64
		{77446E64-EB81-4C15-980A-944992871374}.Debug|x64.Build.0 = Debug|x64
		{77446E64-EB81-4C15-980A-944992871374}.Debug|x86.ActiveCfg = Debug|Win32
		{77446E64-EB81-4C15-980A-944992871374}.Debug|x86.Build.0 = Debug|Win32
		{77446E64-EB81-4C15-980A-944992871374}.Release|x64.ActiveCfg = Release|x64
		{77446E64-EB81-4C15-980A-944992871374}.Release|x64.Build.0 = Release|x64
		{77446E64-EB81-4C15-980A-944992871374}.Release|x86.ActiveCfg = Release|Win32
		{77446E64-EB81-4C15-980A-944992871374}.Release|x86.Build.0 = Release|Win32
		{B82344B6-5199-4FD5-BF3B-F28E086FD9CD}.Debug|x64.ActiveCfg = Debug|x64
		{B82344B6-5199-4FD5-BF3B-F28E086FD9CD}.Debug|x64.Build.0 = Debug|x64
		{B82344B6-5199-4FD5-BF3B-F28E086FD9CD}.Debug|x86.ActiveCfg = Debug|Win32
		{B82344B6-5199-4FD5-BF3B-F28E086FD9CD}.Debug|x86.Build.0 = Debug|Win32
		{B82344B6-5199-4FD5-BF3B-F28E086FD9CD}.Release|x64.ActiveCfg = Release|x64
		{B82344B6-5199-4FD5-BF3B-F28E086FD9CD}.Release|x64.Build.0 = Release|x64
		{B82344B6-5199-4FD5-BF3B-F28E086FD9CD}.Release|x86.ActiveCfg = Release|Win32
		{B82344B6-5199-4FD5-BF3B-F28E086FD9CD}.Release|x86.Build.0 = Release|Win32
		{1C1723F9-B7B6-4319-9B8C-DC6A072C5330}.Debug|x64.ActiveCfg = Debug|x64
		{1C1723F9-B7B6-4319-9B8C-DC6A072C5330}.Debug|x64.Build.0 = Debug|x64
		{1C1723F9-B7B6-4319-9B8C-DC6A072C5330}.Debug|x86.ActiveCfg = Debug|Win32
		{1C1723F9-B7B6-4319-9B8C-DC6A072C5330}.Debug|x86.Build.0 = Debug|Win32
		{1C1723F9-B7B6-4319-9B8C-DC6A072C5330}.Release|x64.ActiveCfg = Release|x64
		{1C1723F9-B7B6-4319-9B8C-DC6A072C5330}.Release|x64.Build.0 = Release|x64
		{1C1723F9-B7B6-4319-9B8C-DC6A072C5330}.Release|x86.ActiveCfg = Release|Win32
		{1C1723F9-B7B6-4319-9B8C-DC6A072C5330}.Release|x86.Build.0 = Release|Win32
		{042EF9AF-868E-4C42-9FA7-273B4C3E186B}.Debug|x64.ActiveCfg = Debug|x64
		{042EF9AF-868E-4C42-9FA7-273B4C3E186B}.Debug|x64.Build.0 = Debug|x64
		{042EF9AF-868E-4C42-9FA7-273B4C3E186B}.Debug|x86.ActiveCfg = Debug|Win32
		{042EF9AF-868E-4C42-9FA7-273B4C3E186B}.Debug|x86.Build.0 = Debug|Win32
		{042EF9AF-868E-4C42-9FA7-273B4C3E186B}.Release|x64.ActiveCfg = Release|x64
		{042EF9AF-868E-4C42-9FA7-273B4C3E186B}.Release|x64.Build.0 = Release|x64
		{042EF9AF-868E-4C42-9FA7-273B4C3E186B}.Release|x86.ActiveCfg = Release|Win32
		{042EF9AF-868E-4C42-9FA7-273B4C3E186B}.Release|x86.Build.0 = Release|Win32
		{628D7E03-0B47-490F-98CF-9D3FC6A688EB}.Debug|x64.ActiveCfg = Debug|x64
		{628D7E03-0B47-490F-98CF-9D3FC6A688EB}.Debug|x64.Build.0 = Debug|x64
		{628D7E03-0B47-490F-98CF-9D3FC6A688EB}.Debug|x86.ActiveCfg = Debug|Win32
		{628D7E03-0B47-490F-98CF-9D3FC6A688EB}.Debug|x86.Build.0 = Debug|Win32
		{628D7E03-0B47-490F-98CF-9D3FC6A688EB}.Release|x64.ActiveCfg = Release|x64
		{628D7E03-0B47-490F-98CF-9D3FC6A688EB}.Release|x64.Build.0 = Release|x64
		{628D7E03-0B47-490F-98CF-9D3FC6A688EB}.Release|x86.ActiveCfg = Release|Win32
		{628D7E03-0B47-490F-98CF-9D3FC6A688EB}.Release|x86.Build.0 = Release|Win32
		{A856F812-42FB-49C1-9D64-22E95F749A8A}.Debug|x64.ActiveCfg = Debug|x64
		{A856F812-42FB-49C1-9D64-22E95F749A8A}.Debug|x64.Build.0 = Debug|x64
		{A856F812-42FB-49C1-9D64-22E95F749A8A}.Debug|x86.ActiveCfg = Debug|Win32
		{A856F812-42FB-49C1-9D64-22E95F749A8A}.Debug|x86.Build.0 = Debug|Win32
		{A856F812-42FB-49C1-9D64-22E95F749A8A}.Release|x64.ActiveCfg = Release|x64
		{A856F812-42FB-49C1-9D64-22E95F749A8A}.Release|x64.Build.0 = Release|x64
		{A856F812-42FB-49C1-9D64-22E95F749A8A}.Release|x86.ActiveCfg = Release|Win32
		{A856F812-42FB-49C1-9D64-22E95F749A8A}.Release|x86.Build.0 = Release|Win32
		{C6C8E43A-2118-471B-B2DA-6389AAD7BB18}.Debug|x64.ActiveCfg = Debug|x64
		{C6C8E43A-2118-471B-B2DA-6389AAD7BB18}.Debug|x64.Build.0 = Debug|x64
		{C6C8E43A-2118-471B-B2DA-6389AAD7BB18}.Debug|x86.ActiveCfg = Debug|Win32
		{C6C8E43A-2118-471B-B2DA-6389AAD7BB18}.Debug|x86.Build.0 = Debug|Win32
		{C6C8E43A-2118-471B-B2DA-6389AAD7BB18}.Release|x64.ActiveCfg = Release|x64
		{C6C8E43A-2118-471B-B2DA-6389AAD7BB18}.Release|x64.Build.0 = Release|x64
		{C6C8E43A-2118-471B-B2DA-6389AAD7BB18}.Release|x86.ActiveCfg = Release|Win32
		{C6C8E43A-2118-471B-B2DA-6389AAD7BB18}.Release|x86.Build.0 = Release|Win32
	EndGlobalSection
	GlobalSection(SolutionProperties) = preSolution
		HideSolutionNode = FALSE
	EndGlobalSection
	GlobalSection(ExtensibilityGlobals) = postSolution
		SolutionGuid = {BD945EF2-500A-4EBF-95CD-3690F95474B2}
	EndGlobalSection
EndGlobal
