
Microsoft Visual Studio Solution File, Format Version 12.00
# Visual Studio Version 16
VisualStudioVersion = 16.0.29230.47
MinimumVisualStudioVersion = 10.0.40219.1
Project("{8BC9CEB8-8B4A-11D0-8D11-00A0C91BC942}") = "Basic Exceptions", "Basic Exceptions\Basic Exceptions.vcxproj", "{1E329DBC-46FC-4986-B366-4D2641574866}"
EndProject
Project("{8BC9CEB8-8B4A-11D0-8D11-00A0C91BC942}") = "Standard Excepetions", "Standard Excepetions\Standard Excepetions.vcxproj", "{3925443E-C982-46D6-9120-17C94F0C2A6F}"
EndProject
Project("{8BC9CEB8-8B4A-11D0-8D11-00A0C91BC942}") = "Custom Exceptions", "Custom Exceptions\Custom Exceptions.vcxproj", "{C6A1D429-2A1C-4EC1-ABD5-389B539756A8}"
EndProject
Global
	GlobalSection(SolutionConfigurationPlatforms) = preSolution
		Debug|x64 = Debug|x64
		Debug|x86 = Debug|x86
		Release|x64 = Release|x64
		Release|x86 = Release|x86
	EndGlobalSection
	GlobalSection(ProjectConfigurationPlatforms) = postSolution
		{1E329DBC-46FC-4986-B366-4D2641574866}.Debug|x64.ActiveCfg = Debug|x64
		{1E329DBC-46FC-4986-B366-4D2641574866}.Debug|x64.Build.0 = Debug|x64
		{1E329DBC-46FC-4986-B366-4D2641574866}.Debug|x86.ActiveCfg = Debug|Win32
		{1E329DBC-46FC-4986-B366-4D2641574866}.Debug|x86.Build.0 = Debug|Win32
		{1E329DBC-46FC-4986-B366-4D2641574866}.Release|x64.ActiveCfg = Release|x64
		{1E329DBC-46FC-4986-B366-4D2641574866}.Release|x64.Build.0 = Release|x64
		{1E329DBC-46FC-4986-B366-4D2641574866}.Release|x86.ActiveCfg = Release|Win32
		{1E329DBC-46FC-4986-B366-4D2641574866}.Release|x86.Build.0 = Release|Win32
		{3925443E-C982-46D6-9120-17C94F0C2A6F}.Debug|x64.ActiveCfg = Debug|x64
		{3925443E-C982-46D6-9120-17C94F0C2A6F}.Debug|x64.Build.0 = Debug|x64
		{3925443E-C982-46D6-9120-17C94F0C2A6F}.Debug|x86.ActiveCfg = Debug|Win32
		{3925443E-C982-46D6-9120-17C94F0C2A6F}.Debug|x86.Build.0 = Debug|Win32
		{3925443E-C982-46D6-9120-17C94F0C2A6F}.Release|x64.ActiveCfg = Release|x64
		{3925443E-C982-46D6-9120-17C94F0C2A6F}.Release|x64.Build.0 = Release|x64
		{3925443E-C982-46D6-9120-17C94F0C2A6F}.Release|x86.ActiveCfg = Release|Win32
		{3925443E-C982-46D6-9120-17C94F0C2A6F}.Release|x86.Build.0 = Release|Win32
		{C6A1D429-2A1C-4EC1-ABD5-389B539756A8}.Debug|x64.ActiveCfg = Debug|x64
		{C6A1D429-2A1C-4EC1-ABD5-389B539756A8}.Debug|x64.Build.0 = Debug|x64
		{C6A1D429-2A1C-4EC1-ABD5-389B539756A8}.Debug|x86.ActiveCfg = Debug|Win32
		{C6A1D429-2A1C-4EC1-ABD5-389B539756A8}.Debug|x86.Build.0 = Debug|Win32
		{C6A1D429-2A1C-4EC1-ABD5-389B539756A8}.Release|x64.ActiveCfg = Release|x64
		{C6A1D429-2A1C-4EC1-ABD5-389B539756A8}.Release|x64.Build.0 = Release|x64
		{C6A1D429-2A1C-4EC1-ABD5-389B539756A8}.Release|x86.ActiveCfg = Release|Win32
		{C6A1D429-2A1C-4EC1-ABD5-389B539756A8}.Release|x86.Build.0 = Release|Win32
	EndGlobalSection
	GlobalSection(SolutionProperties) = preSolution
		HideSolutionNode = FALSE
	EndGlobalSection
	GlobalSection(ExtensibilityGlobals) = postSolution
		SolutionGuid = {BD945EF2-500A-4EBF-95CD-3690F95474B2}
	EndGlobalSection
EndGlobal
